// !$*UTF8*$!
{
	archiveVersion = 1;
	classes = {
	};
	objectVersion = 46;
	objects = {

/* Begin PBXBuildFile section */
		1EFEF15BCA00AB75AF21BDC9 /* Pods_Aventus_HomepageTests2.framework in Frameworks */ = {isa = PBXBuildFile; fileRef = 1534D3CCB716116C2B8FE568 /* Pods_Aventus_HomepageTests2.framework */; };
		2F00AC63207D17E300B0F967 /* SearchTextField.swift in Sources */ = {isa = PBXBuildFile; fileRef = 2F00AC62207D17E200B0F967 /* SearchTextField.swift */; };
		2F8E5A8C2083AB2E0023231F /* HandlingContext.swift in Sources */ = {isa = PBXBuildFile; fileRef = 2F8E5A8B2083AB2E0023231F /* HandlingContext.swift */; };
		457E32D520659C7E00B7224B /* WarningLabel.swift in Sources */ = {isa = PBXBuildFile; fileRef = 457E32D220659C7E00B7224B /* WarningLabel.swift */; };
		457E32D620659C7E00B7224B /* PageViewController.swift in Sources */ = {isa = PBXBuildFile; fileRef = 457E32D320659C7E00B7224B /* PageViewController.swift */; };
		9642442B80472C7349CF56B8 /* Pods_Aventus_Homepage.framework in Frameworks */ = {isa = PBXBuildFile; fileRef = 3801DE766E1697792EDB2A4C /* Pods_Aventus_Homepage.framework */; };
		A1845B0D204B161E0004D983 /* Aventus_HomepageUITests.swift in Sources */ = {isa = PBXBuildFile; fileRef = A1845B0C204B161E0004D983 /* Aventus_HomepageUITests.swift */; };
		A18FF15F204C607300DE4692 /* UnitTests.swift in Sources */ = {isa = PBXBuildFile; fileRef = A18FF15E204C607300DE4692 /* UnitTests.swift */; };
		A1AB3169204C529500F5A6A1 /* Aventus_Database_Tests.swift in Sources */ = {isa = PBXBuildFile; fileRef = A1AB3168204C529500F5A6A1 /* Aventus_Database_Tests.swift */; };
		A1AB3177204C533100F5A6A1 /* Test_Databse_Fake_Data.swift in Sources */ = {isa = PBXBuildFile; fileRef = A1AB3176204C533100F5A6A1 /* Test_Databse_Fake_Data.swift */; };
		BB8D22F920A86ACE00CB8C45 /* HomeViewController.swift in Sources */ = {isa = PBXBuildFile; fileRef = BB8D22F820A86ACE00CB8C45 /* HomeViewController.swift */; };
		BF0A13232076C7C600B98981 /* EthRomainEthon.ttf in Resources */ = {isa = PBXBuildFile; fileRef = BF0A13162076C28000B98981 /* EthRomainEthon.ttf */; };
		BF0A13242076C7C800B98981 /* Sarabun-Bold.ttf in Resources */ = {isa = PBXBuildFile; fileRef = BF0A13182076C28000B98981 /* Sarabun-Bold.ttf */; };
		BF0A13252076C7CA00B98981 /* Nexa Light.otf in Resources */ = {isa = PBXBuildFile; fileRef = BF0A13172076C28000B98981 /* Nexa Light.otf */; };
		BF0A13262076C7CC00B98981 /* Sarabun-Regular.ttf in Resources */ = {isa = PBXBuildFile; fileRef = BF0A13192076C28000B98981 /* Sarabun-Regular.ttf */; };
		BF1607022044A36B00241A2D /* HeaderLabel.swift in Sources */ = {isa = PBXBuildFile; fileRef = BF1607012044A36B00241A2D /* HeaderLabel.swift */; };
		BF40F12F2030971400E280BB /* SeatViewController.swift in Sources */ = {isa = PBXBuildFile; fileRef = BF40F12E2030971400E280BB /* SeatViewController.swift */; };
		BF51ED4F20432787003D0219 /* ColorHelper.swift in Sources */ = {isa = PBXBuildFile; fileRef = BF51ED4E20432787003D0219 /* ColorHelper.swift */; };
		BF51ED5520433BBD003D0219 /* UtterLabel.swift in Sources */ = {isa = PBXBuildFile; fileRef = BF51ED5420433BBD003D0219 /* UtterLabel.swift */; };
		BF526C7C20AA309300F3856B /* GoogleService-Info.plist in Resources */ = {isa = PBXBuildFile; fileRef = BF526C7B20AA309300F3856B /* GoogleService-Info.plist */; };
		BF5946972038743A00A0A493 /* Payment.swift in Sources */ = {isa = PBXBuildFile; fileRef = BF5946962038743A00A0A493 /* Payment.swift */; };
		BF59469D2038E25900A0A493 /* SeatPopUpViewController.swift in Sources */ = {isa = PBXBuildFile; fileRef = BF59469C2038E25900A0A493 /* SeatPopUpViewController.swift */; };
		BF76AE3020264CD5006274FE /* Event.swift in Sources */ = {isa = PBXBuildFile; fileRef = BF76AE2F20264CD5006274FE /* Event.swift */; };
		BF7B71BB20236FCC009E5598 /* AppDelegate.swift in Sources */ = {isa = PBXBuildFile; fileRef = BF7B71BA20236FCC009E5598 /* AppDelegate.swift */; };
		BF7B71C020236FCC009E5598 /* Main.storyboard in Resources */ = {isa = PBXBuildFile; fileRef = BF7B71BE20236FCC009E5598 /* Main.storyboard */; };
		BF7B71C220236FCC009E5598 /* Assets.xcassets in Resources */ = {isa = PBXBuildFile; fileRef = BF7B71C120236FCC009E5598 /* Assets.xcassets */; };
		BF7B71C520236FCC009E5598 /* LaunchScreen.storyboard in Resources */ = {isa = PBXBuildFile; fileRef = BF7B71C320236FCC009E5598 /* LaunchScreen.storyboard */; };
		BF7B71D020236FCD009E5598 /* Aventus_HomepageTests.swift in Sources */ = {isa = PBXBuildFile; fileRef = BF7B71CF20236FCD009E5598 /* Aventus_HomepageTests.swift */; };
		BF83B2C62075109C00EA2405 /* EventCollectionViewCell.swift in Sources */ = {isa = PBXBuildFile; fileRef = BF83B2C52075109C00EA2405 /* EventCollectionViewCell.swift */; };
		BF8588252030B729005C9D7D /* PaymentViewController.swift in Sources */ = {isa = PBXBuildFile; fileRef = BF8588242030B729005C9D7D /* PaymentViewController.swift */; };
		BF87431B20A4D3DC00253304 /* PageHelper.swift in Sources */ = {isa = PBXBuildFile; fileRef = BF87431A20A4D3DC00253304 /* PageHelper.swift */; };
		BF933145204471160002A3C8 /* RoundButton.swift in Sources */ = {isa = PBXBuildFile; fileRef = BF933144204471160002A3C8 /* RoundButton.swift */; };
		BF93314720448ABB0002A3C8 /* DetailTextField.swift in Sources */ = {isa = PBXBuildFile; fileRef = BF93314620448ABB0002A3C8 /* DetailTextField.swift */; };
		BFA6C53D20757EE000AD0601 /* HelpViewController.swift in Sources */ = {isa = PBXBuildFile; fileRef = BFA6C53C20757EE000AD0601 /* HelpViewController.swift */; };
		BFA98FD120A7611400553773 /* Helper.swift in Sources */ = {isa = PBXBuildFile; fileRef = BFA98FD020A7611400553773 /* Helper.swift */; };
		BFA98FD320A763C400553773 /* ExpandableHeaderView.swift in Sources */ = {isa = PBXBuildFile; fileRef = BFA98FD220A763C400553773 /* ExpandableHeaderView.swift */; };
		BFA98FD520A7642D00553773 /* TicketViewController.swift in Sources */ = {isa = PBXBuildFile; fileRef = BFA98FD420A7642D00553773 /* TicketViewController.swift */; };
		BFA98FDB20A779C500553773 /* Booking.swift in Sources */ = {isa = PBXBuildFile; fileRef = BFA98FDA20A779C500553773 /* Booking.swift */; };
		BFBAF60B2035C36500050B8A /* ConfirmationViewController.swift in Sources */ = {isa = PBXBuildFile; fileRef = BFBAF60A2035C36500050B8A /* ConfirmationViewController.swift */; };
		BFBAF60D2035C3E200050B8A /* Seating.swift in Sources */ = {isa = PBXBuildFile; fileRef = BFBAF60C2035C3E200050B8A /* Seating.swift */; };
		BFBD7FA620A628E2000BA93B /* AVTBaseViewController.swift in Sources */ = {isa = PBXBuildFile; fileRef = BFBD7FA520A628E2000BA93B /* AVTBaseViewController.swift */; };
		BFD17E19202CD729008CB952 /* EventViewController.swift in Sources */ = {isa = PBXBuildFile; fileRef = BFD17E18202CD729008CB952 /* EventViewController.swift */; };
		BFE01B1F2077C1C0002BA3E2 /* SummaryTableViewCell.swift in Sources */ = {isa = PBXBuildFile; fileRef = BFE01B1E2077C1C0002BA3E2 /* SummaryTableViewCell.swift */; };
/* End PBXBuildFile section */

/* Begin PBXContainerItemProxy section */
		A1845B0F204B161E0004D983 /* PBXContainerItemProxy */ = {
			isa = PBXContainerItemProxy;
			containerPortal = BF7B71AF20236FCC009E5598 /* Project object */;
			proxyType = 1;
			remoteGlobalIDString = BF7B71B620236FCC009E5598;
			remoteInfo = "Aventus Homepage";
		};
		A1AB316B204C529500F5A6A1 /* PBXContainerItemProxy */ = {
			isa = PBXContainerItemProxy;
			containerPortal = BF7B71AF20236FCC009E5598 /* Project object */;
			proxyType = 1;
			remoteGlobalIDString = BF7B71B620236FCC009E5598;
			remoteInfo = "Aventus Homepage";
		};
		A1AB3179204C533100F5A6A1 /* PBXContainerItemProxy */ = {
			isa = PBXContainerItemProxy;
			containerPortal = BF7B71AF20236FCC009E5598 /* Project object */;
			proxyType = 1;
			remoteGlobalIDString = BF7B71B620236FCC009E5598;
			remoteInfo = "Aventus Homepage";
		};
		A1ECFFCA204B109B006DE0C0 /* PBXContainerItemProxy */ = {
			isa = PBXContainerItemProxy;
			containerPortal = BF7B71AF20236FCC009E5598 /* Project object */;
			proxyType = 1;
			remoteGlobalIDString = BF7B71B620236FCC009E5598;
			remoteInfo = "Aventus Homepage";
		};
		BF7B71CC20236FCD009E5598 /* PBXContainerItemProxy */ = {
			isa = PBXContainerItemProxy;
			containerPortal = BF7B71AF20236FCC009E5598 /* Project object */;
			proxyType = 1;
			remoteGlobalIDString = BF7B71B620236FCC009E5598;
			remoteInfo = "Aventus Homepage";
		};
/* End PBXContainerItemProxy section */

/* Begin PBXFileReference section */
		1534D3CCB716116C2B8FE568 /* Pods_Aventus_HomepageTests2.framework */ = {isa = PBXFileReference; explicitFileType = wrapper.framework; includeInIndex = 0; path = Pods_Aventus_HomepageTests2.framework; sourceTree = BUILT_PRODUCTS_DIR; };
		15973FF8ED2F30FB0506552E /* Pods-Aventus Homepage.release.xcconfig */ = {isa = PBXFileReference; includeInIndex = 1; lastKnownFileType = text.xcconfig; name = "Pods-Aventus Homepage.release.xcconfig"; path = "Pods/Target Support Files/Pods-Aventus Homepage/Pods-Aventus Homepage.release.xcconfig"; sourceTree = "<group>"; };
		2F00AC62207D17E200B0F967 /* SearchTextField.swift */ = {isa = PBXFileReference; fileEncoding = 4; lastKnownFileType = sourcecode.swift; path = SearchTextField.swift; sourceTree = "<group>"; };
		2F8E5A8B2083AB2E0023231F /* HandlingContext.swift */ = {isa = PBXFileReference; lastKnownFileType = sourcecode.swift; path = HandlingContext.swift; sourceTree = "<group>"; };
		3801DE766E1697792EDB2A4C /* Pods_Aventus_Homepage.framework */ = {isa = PBXFileReference; explicitFileType = wrapper.framework; includeInIndex = 0; path = Pods_Aventus_Homepage.framework; sourceTree = BUILT_PRODUCTS_DIR; };
		457E32D220659C7E00B7224B /* WarningLabel.swift */ = {isa = PBXFileReference; fileEncoding = 4; lastKnownFileType = sourcecode.swift; path = WarningLabel.swift; sourceTree = "<group>"; };
		457E32D320659C7E00B7224B /* PageViewController.swift */ = {isa = PBXFileReference; fileEncoding = 4; lastKnownFileType = sourcecode.swift; path = PageViewController.swift; sourceTree = "<group>"; };
		60DF77654971427BC6104ACA /* Pods-Aventus HomepageTests2.debug.xcconfig */ = {isa = PBXFileReference; includeInIndex = 1; lastKnownFileType = text.xcconfig; name = "Pods-Aventus HomepageTests2.debug.xcconfig"; path = "Pods/Target Support Files/Pods-Aventus HomepageTests2/Pods-Aventus HomepageTests2.debug.xcconfig"; sourceTree = "<group>"; };
		A1845B0A204B161E0004D983 /* AventusUITests.xctest */ = {isa = PBXFileReference; explicitFileType = wrapper.cfbundle; includeInIndex = 0; path = AventusUITests.xctest; sourceTree = BUILT_PRODUCTS_DIR; };
		A1845B0C204B161E0004D983 /* Aventus_HomepageUITests.swift */ = {isa = PBXFileReference; lastKnownFileType = sourcecode.swift; path = Aventus_HomepageUITests.swift; sourceTree = "<group>"; };
		A1845B0E204B161E0004D983 /* Info.plist */ = {isa = PBXFileReference; lastKnownFileType = text.plist.xml; path = Info.plist; sourceTree = "<group>"; };
		A18FF15D204C607200DE4692 /* Aventus HomepageTests2-Bridging-Header.h */ = {isa = PBXFileReference; lastKnownFileType = sourcecode.c.h; path = "Aventus HomepageTests2-Bridging-Header.h"; sourceTree = "<group>"; };
		A18FF15E204C607300DE4692 /* UnitTests.swift */ = {isa = PBXFileReference; fileEncoding = 4; lastKnownFileType = sourcecode.swift; path = UnitTests.swift; sourceTree = "<group>"; };
		A1AB3166204C529500F5A6A1 /* Aventus Database Tests.xctest */ = {isa = PBXFileReference; explicitFileType = wrapper.cfbundle; includeInIndex = 0; path = "Aventus Database Tests.xctest"; sourceTree = BUILT_PRODUCTS_DIR; };
		A1AB3168204C529500F5A6A1 /* Aventus_Database_Tests.swift */ = {isa = PBXFileReference; lastKnownFileType = sourcecode.swift; path = Aventus_Database_Tests.swift; sourceTree = "<group>"; };
		A1AB316A204C529500F5A6A1 /* Info.plist */ = {isa = PBXFileReference; lastKnownFileType = text.plist.xml; path = Info.plist; sourceTree = "<group>"; };
		A1AB3174204C533100F5A6A1 /* Test Databse Fake Data.xctest */ = {isa = PBXFileReference; explicitFileType = wrapper.cfbundle; includeInIndex = 0; path = "Test Databse Fake Data.xctest"; sourceTree = BUILT_PRODUCTS_DIR; };
		A1AB3176204C533100F5A6A1 /* Test_Databse_Fake_Data.swift */ = {isa = PBXFileReference; lastKnownFileType = sourcecode.swift; path = Test_Databse_Fake_Data.swift; sourceTree = "<group>"; };
		A1AB3178204C533100F5A6A1 /* Info.plist */ = {isa = PBXFileReference; lastKnownFileType = text.plist.xml; path = Info.plist; sourceTree = "<group>"; };
		A1ECFFC5204B109B006DE0C0 /* AventusTests2.xctest */ = {isa = PBXFileReference; explicitFileType = wrapper.cfbundle; includeInIndex = 0; path = AventusTests2.xctest; sourceTree = BUILT_PRODUCTS_DIR; };
		A1ECFFC9204B109B006DE0C0 /* Info.plist */ = {isa = PBXFileReference; lastKnownFileType = text.plist.xml; path = Info.plist; sourceTree = "<group>"; };
		AA6B0AEFFA9500FD09E18E5C /* Pods_Aventus_HomepageTests.framework */ = {isa = PBXFileReference; explicitFileType = wrapper.framework; includeInIndex = 0; path = Pods_Aventus_HomepageTests.framework; sourceTree = BUILT_PRODUCTS_DIR; };
		BB8D22F820A86ACE00CB8C45 /* HomeViewController.swift */ = {isa = PBXFileReference; fileEncoding = 4; lastKnownFileType = sourcecode.swift; path = HomeViewController.swift; sourceTree = "<group>"; };
		BF0A13162076C28000B98981 /* EthRomainEthon.ttf */ = {isa = PBXFileReference; lastKnownFileType = file; path = EthRomainEthon.ttf; sourceTree = "<group>"; };
		BF0A13172076C28000B98981 /* Nexa Light.otf */ = {isa = PBXFileReference; lastKnownFileType = file; path = "Nexa Light.otf"; sourceTree = "<group>"; };
		BF0A13182076C28000B98981 /* Sarabun-Bold.ttf */ = {isa = PBXFileReference; lastKnownFileType = file; path = "Sarabun-Bold.ttf"; sourceTree = "<group>"; };
		BF0A13192076C28000B98981 /* Sarabun-Regular.ttf */ = {isa = PBXFileReference; lastKnownFileType = file; path = "Sarabun-Regular.ttf"; sourceTree = "<group>"; };
		BF1607012044A36B00241A2D /* HeaderLabel.swift */ = {isa = PBXFileReference; lastKnownFileType = sourcecode.swift; path = HeaderLabel.swift; sourceTree = "<group>"; };
		BF40F12E2030971400E280BB /* SeatViewController.swift */ = {isa = PBXFileReference; fileEncoding = 4; lastKnownFileType = sourcecode.swift; path = SeatViewController.swift; sourceTree = "<group>"; };
		BF51ED4E20432787003D0219 /* ColorHelper.swift */ = {isa = PBXFileReference; lastKnownFileType = sourcecode.swift; path = ColorHelper.swift; sourceTree = "<group>"; };
		BF51ED5420433BBD003D0219 /* UtterLabel.swift */ = {isa = PBXFileReference; lastKnownFileType = sourcecode.swift; path = UtterLabel.swift; sourceTree = "<group>"; };
		BF526C7B20AA309300F3856B /* GoogleService-Info.plist */ = {isa = PBXFileReference; fileEncoding = 4; lastKnownFileType = text.plist.xml; path = "GoogleService-Info.plist"; sourceTree = "<group>"; };
		BF5946962038743A00A0A493 /* Payment.swift */ = {isa = PBXFileReference; fileEncoding = 4; lastKnownFileType = sourcecode.swift; path = Payment.swift; sourceTree = "<group>"; };
		BF59469C2038E25900A0A493 /* SeatPopUpViewController.swift */ = {isa = PBXFileReference; fileEncoding = 4; lastKnownFileType = sourcecode.swift; path = SeatPopUpViewController.swift; sourceTree = "<group>"; };
		BF76AE2F20264CD5006274FE /* Event.swift */ = {isa = PBXFileReference; fileEncoding = 4; lastKnownFileType = sourcecode.swift; path = Event.swift; sourceTree = "<group>"; };
		BF7B71B720236FCC009E5598 /* Aventus.app */ = {isa = PBXFileReference; explicitFileType = wrapper.application; includeInIndex = 0; path = Aventus.app; sourceTree = BUILT_PRODUCTS_DIR; };
		BF7B71BA20236FCC009E5598 /* AppDelegate.swift */ = {isa = PBXFileReference; lastKnownFileType = sourcecode.swift; path = AppDelegate.swift; sourceTree = "<group>"; };
		BF7B71BF20236FCC009E5598 /* Base */ = {isa = PBXFileReference; lastKnownFileType = file.storyboard; name = Base; path = Base.lproj/Main.storyboard; sourceTree = "<group>"; };
		BF7B71C120236FCC009E5598 /* Assets.xcassets */ = {isa = PBXFileReference; lastKnownFileType = folder.assetcatalog; path = Assets.xcassets; sourceTree = "<group>"; };
		BF7B71C420236FCC009E5598 /* Base */ = {isa = PBXFileReference; lastKnownFileType = file.storyboard; name = Base; path = Base.lproj/LaunchScreen.storyboard; sourceTree = "<group>"; };
		BF7B71C620236FCC009E5598 /* Info.plist */ = {isa = PBXFileReference; lastKnownFileType = text.plist.xml; path = Info.plist; sourceTree = "<group>"; };
		BF7B71CB20236FCD009E5598 /* AventusTests.xctest */ = {isa = PBXFileReference; explicitFileType = wrapper.cfbundle; includeInIndex = 0; path = AventusTests.xctest; sourceTree = BUILT_PRODUCTS_DIR; };
		BF7B71CF20236FCD009E5598 /* Aventus_HomepageTests.swift */ = {isa = PBXFileReference; lastKnownFileType = sourcecode.swift; path = Aventus_HomepageTests.swift; sourceTree = "<group>"; };
		BF7B71D120236FCD009E5598 /* Info.plist */ = {isa = PBXFileReference; lastKnownFileType = text.plist.xml; path = Info.plist; sourceTree = "<group>"; };
		BF83B2C52075109C00EA2405 /* EventCollectionViewCell.swift */ = {isa = PBXFileReference; lastKnownFileType = sourcecode.swift; path = EventCollectionViewCell.swift; sourceTree = "<group>"; };
		BF8588242030B729005C9D7D /* PaymentViewController.swift */ = {isa = PBXFileReference; fileEncoding = 4; lastKnownFileType = sourcecode.swift; path = PaymentViewController.swift; sourceTree = "<group>"; };
		BF87431A20A4D3DC00253304 /* PageHelper.swift */ = {isa = PBXFileReference; lastKnownFileType = sourcecode.swift; path = PageHelper.swift; sourceTree = "<group>"; };
		BF933144204471160002A3C8 /* RoundButton.swift */ = {isa = PBXFileReference; lastKnownFileType = sourcecode.swift; path = RoundButton.swift; sourceTree = "<group>"; };
		BF93314620448ABB0002A3C8 /* DetailTextField.swift */ = {isa = PBXFileReference; lastKnownFileType = sourcecode.swift; path = DetailTextField.swift; sourceTree = "<group>"; };
		BFA6C53C20757EE000AD0601 /* HelpViewController.swift */ = {isa = PBXFileReference; lastKnownFileType = sourcecode.swift; path = HelpViewController.swift; sourceTree = "<group>"; };
		BFA98FD020A7611400553773 /* Helper.swift */ = {isa = PBXFileReference; lastKnownFileType = sourcecode.swift; path = Helper.swift; sourceTree = "<group>"; };
		BFA98FD220A763C400553773 /* ExpandableHeaderView.swift */ = {isa = PBXFileReference; lastKnownFileType = sourcecode.swift; path = ExpandableHeaderView.swift; sourceTree = "<group>"; };
		BFA98FD420A7642D00553773 /* TicketViewController.swift */ = {isa = PBXFileReference; lastKnownFileType = sourcecode.swift; path = TicketViewController.swift; sourceTree = "<group>"; };
		BFA98FDA20A779C500553773 /* Booking.swift */ = {isa = PBXFileReference; lastKnownFileType = sourcecode.swift; path = Booking.swift; sourceTree = "<group>"; };
		BFBAF60A2035C36500050B8A /* ConfirmationViewController.swift */ = {isa = PBXFileReference; fileEncoding = 4; lastKnownFileType = sourcecode.swift; path = ConfirmationViewController.swift; sourceTree = "<group>"; };
		BFBAF60C2035C3E200050B8A /* Seating.swift */ = {isa = PBXFileReference; fileEncoding = 4; lastKnownFileType = sourcecode.swift; path = Seating.swift; sourceTree = "<group>"; };
		BFBD7FA520A628E2000BA93B /* AVTBaseViewController.swift */ = {isa = PBXFileReference; lastKnownFileType = sourcecode.swift; path = AVTBaseViewController.swift; sourceTree = "<group>"; };
		BFD17E18202CD729008CB952 /* EventViewController.swift */ = {isa = PBXFileReference; fileEncoding = 4; lastKnownFileType = sourcecode.swift; path = EventViewController.swift; sourceTree = "<group>"; };
		BFE01B1E2077C1C0002BA3E2 /* SummaryTableViewCell.swift */ = {isa = PBXFileReference; lastKnownFileType = sourcecode.swift; path = SummaryTableViewCell.swift; sourceTree = "<group>"; };
		DFF61EBBE04522FA8C689EA8 /* Pods-Aventus Homepage.debug.xcconfig */ = {isa = PBXFileReference; includeInIndex = 1; lastKnownFileType = text.xcconfig; name = "Pods-Aventus Homepage.debug.xcconfig"; path = "Pods/Target Support Files/Pods-Aventus Homepage/Pods-Aventus Homepage.debug.xcconfig"; sourceTree = "<group>"; };
		E2606FF670C7DF7CDCD8D7C4 /* Pods-Aventus HomepageTests2.release.xcconfig */ = {isa = PBXFileReference; includeInIndex = 1; lastKnownFileType = text.xcconfig; name = "Pods-Aventus HomepageTests2.release.xcconfig"; path = "Pods/Target Support Files/Pods-Aventus HomepageTests2/Pods-Aventus HomepageTests2.release.xcconfig"; sourceTree = "<group>"; };
/* End PBXFileReference section */

/* Begin PBXFrameworksBuildPhase section */
		A1845B07204B161E0004D983 /* Frameworks */ = {
			isa = PBXFrameworksBuildPhase;
			buildActionMask = 2147483647;
			files = (
			);
			runOnlyForDeploymentPostprocessing = 0;
		};
		A1AB3163204C529500F5A6A1 /* Frameworks */ = {
			isa = PBXFrameworksBuildPhase;
			buildActionMask = 2147483647;
			files = (
			);
			runOnlyForDeploymentPostprocessing = 0;
		};
		A1AB3171204C533100F5A6A1 /* Frameworks */ = {
			isa = PBXFrameworksBuildPhase;
			buildActionMask = 2147483647;
			files = (
			);
			runOnlyForDeploymentPostprocessing = 0;
		};
		A1ECFFC2204B109B006DE0C0 /* Frameworks */ = {
			isa = PBXFrameworksBuildPhase;
			buildActionMask = 2147483647;
			files = (
				1EFEF15BCA00AB75AF21BDC9 /* Pods_Aventus_HomepageTests2.framework in Frameworks */,
			);
			runOnlyForDeploymentPostprocessing = 0;
		};
		BF7B71B420236FCC009E5598 /* Frameworks */ = {
			isa = PBXFrameworksBuildPhase;
			buildActionMask = 2147483647;
			files = (
				9642442B80472C7349CF56B8 /* Pods_Aventus_Homepage.framework in Frameworks */,
			);
			runOnlyForDeploymentPostprocessing = 0;
		};
		BF7B71C820236FCD009E5598 /* Frameworks */ = {
			isa = PBXFrameworksBuildPhase;
			buildActionMask = 2147483647;
			files = (
			);
			runOnlyForDeploymentPostprocessing = 0;
		};
/* End PBXFrameworksBuildPhase section */

/* Begin PBXGroup section */
		0E3A32C4D4D341D83D85A634 /* Frameworks */ = {
			isa = PBXGroup;
			children = (
				3801DE766E1697792EDB2A4C /* Pods_Aventus_Homepage.framework */,
				AA6B0AEFFA9500FD09E18E5C /* Pods_Aventus_HomepageTests.framework */,
				1534D3CCB716116C2B8FE568 /* Pods_Aventus_HomepageTests2.framework */,
			);
			name = Frameworks;
			sourceTree = "<group>";
		};
		9227F1EEB0CBE8202090F7F6 /* Pods */ = {
			isa = PBXGroup;
			children = (
				DFF61EBBE04522FA8C689EA8 /* Pods-Aventus Homepage.debug.xcconfig */,
				15973FF8ED2F30FB0506552E /* Pods-Aventus Homepage.release.xcconfig */,
				60DF77654971427BC6104ACA /* Pods-Aventus HomepageTests2.debug.xcconfig */,
				E2606FF670C7DF7CDCD8D7C4 /* Pods-Aventus HomepageTests2.release.xcconfig */,
			);
			name = Pods;
			sourceTree = "<group>";
		};
		A1845B0B204B161E0004D983 /* Aventus HomepageUITests */ = {
			isa = PBXGroup;
			children = (
				A1845B0C204B161E0004D983 /* Aventus_HomepageUITests.swift */,
				A1845B0E204B161E0004D983 /* Info.plist */,
			);
			path = "Aventus HomepageUITests";
			sourceTree = "<group>";
		};
		A1AB3167204C529500F5A6A1 /* Aventus Database Tests */ = {
			isa = PBXGroup;
			children = (
				A1AB3168204C529500F5A6A1 /* Aventus_Database_Tests.swift */,
				A1AB316A204C529500F5A6A1 /* Info.plist */,
			);
			path = "Aventus Database Tests";
			sourceTree = "<group>";
		};
		A1AB3175204C533100F5A6A1 /* Test Databse Fake Data */ = {
			isa = PBXGroup;
			children = (
				A1AB3176204C533100F5A6A1 /* Test_Databse_Fake_Data.swift */,
				A1AB3178204C533100F5A6A1 /* Info.plist */,
			);
			path = "Test Databse Fake Data";
			sourceTree = "<group>";
		};
		A1ECFFC6204B109B006DE0C0 /* Aventus HomepageTests2 */ = {
			isa = PBXGroup;
			children = (
				A18FF15E204C607300DE4692 /* UnitTests.swift */,
				A1ECFFC9204B109B006DE0C0 /* Info.plist */,
				A18FF15D204C607200DE4692 /* Aventus HomepageTests2-Bridging-Header.h */,
			);
			path = "Aventus HomepageTests2";
			sourceTree = "<group>";
		};
		BF5AF3D320A75CFE0063884A /* CustomSwiftObjects */ = {
			isa = PBXGroup;
			children = (
				2F00AC62207D17E200B0F967 /* SearchTextField.swift */,
				457E32D220659C7E00B7224B /* WarningLabel.swift */,
				BF51ED5420433BBD003D0219 /* UtterLabel.swift */,
				BF1607012044A36B00241A2D /* HeaderLabel.swift */,
				BF933144204471160002A3C8 /* RoundButton.swift */,
				BF93314620448ABB0002A3C8 /* DetailTextField.swift */,
				BFA98FD220A763C400553773 /* ExpandableHeaderView.swift */,
			);
			path = CustomSwiftObjects;
			sourceTree = "<group>";
		};
		BF5AF3D520A75D450063884A /* Helper */ = {
			isa = PBXGroup;
			children = (
				2F8E5A8B2083AB2E0023231F /* HandlingContext.swift */,
				BFA98FD020A7611400553773 /* Helper.swift */,
				BF87431A20A4D3DC00253304 /* PageHelper.swift */,
				BF51ED4E20432787003D0219 /* ColorHelper.swift */,
			);
			path = Helper;
			sourceTree = "<group>";
		};
		BF5AF3D620A75D5C0063884A /* AVTObjects */ = {
			isa = PBXGroup;
			children = (
				BFBAF60C2035C3E200050B8A /* Seating.swift */,
				BF5946962038743A00A0A493 /* Payment.swift */,
				BF76AE2F20264CD5006274FE /* Event.swift */,
				BFA98FDA20A779C500553773 /* Booking.swift */,
			);
			path = AVTObjects;
			sourceTree = "<group>";
		};
		BF5AF3D820A75DB40063884A /* Fonts */ = {
			isa = PBXGroup;
			children = (
				BF0A13162076C28000B98981 /* EthRomainEthon.ttf */,
				BF0A13172076C28000B98981 /* Nexa Light.otf */,
				BF0A13182076C28000B98981 /* Sarabun-Bold.ttf */,
				BF0A13192076C28000B98981 /* Sarabun-Regular.ttf */,
			);
			name = Fonts;
			path = "New Group";
			sourceTree = "<group>";
		};
		BF5AF3D920A75DDB0063884A /* ViewController */ = {
			isa = PBXGroup;
			children = (
				BFBD7FA520A628E2000BA93B /* AVTBaseViewController.swift */,
				457E32D320659C7E00B7224B /* PageViewController.swift */,
				BB8D22F820A86ACE00CB8C45 /* HomeViewController.swift */,
				BFD17E18202CD729008CB952 /* EventViewController.swift */,
				BF83B2C52075109C00EA2405 /* EventCollectionViewCell.swift */,
				BF40F12E2030971400E280BB /* SeatViewController.swift */,
				BF59469C2038E25900A0A493 /* SeatPopUpViewController.swift */,
				BFE01B1E2077C1C0002BA3E2 /* SummaryTableViewCell.swift */,
				BF8588242030B729005C9D7D /* PaymentViewController.swift */,
				BFBAF60A2035C36500050B8A /* ConfirmationViewController.swift */,
				BFA6C53C20757EE000AD0601 /* HelpViewController.swift */,
				BFA98FD420A7642D00553773 /* TicketViewController.swift */,
			);
			path = ViewController;
			sourceTree = "<group>";
		};
		BF7B71AE20236FCC009E5598 = {
			isa = PBXGroup;
			children = (
				BF7B71B920236FCC009E5598 /* Aventus Homepage */,
				BF7B71CE20236FCD009E5598 /* Aventus HomepageTests */,
				A1ECFFC6204B109B006DE0C0 /* Aventus HomepageTests2 */,
				A1845B0B204B161E0004D983 /* Aventus HomepageUITests */,
				A1AB3167204C529500F5A6A1 /* Aventus Database Tests */,
				A1AB3175204C533100F5A6A1 /* Test Databse Fake Data */,
				BF7B71B820236FCC009E5598 /* Products */,
				9227F1EEB0CBE8202090F7F6 /* Pods */,
				0E3A32C4D4D341D83D85A634 /* Frameworks */,
			);
			sourceTree = "<group>";
		};
		BF7B71B820236FCC009E5598 /* Products */ = {
			isa = PBXGroup;
			children = (
				BF7B71B720236FCC009E5598 /* Aventus.app */,
				BF7B71CB20236FCD009E5598 /* AventusTests.xctest */,
				A1ECFFC5204B109B006DE0C0 /* AventusTests2.xctest */,
				A1845B0A204B161E0004D983 /* AventusUITests.xctest */,
				A1AB3166204C529500F5A6A1 /* Aventus Database Tests.xctest */,
				A1AB3174204C533100F5A6A1 /* Test Databse Fake Data.xctest */,
			);
			name = Products;
			sourceTree = "<group>";
		};
		BF7B71B920236FCC009E5598 /* Aventus Homepage */ = {
			isa = PBXGroup;
			children = (
				BF5AF3D920A75DDB0063884A /* ViewController */,
				BF5AF3D820A75DB40063884A /* Fonts */,
				BF5AF3D520A75D450063884A /* Helper */,
				BF5AF3D620A75D5C0063884A /* AVTObjects */,
				BF5AF3D320A75CFE0063884A /* CustomSwiftObjects */,
				BF7B71BE20236FCC009E5598 /* Main.storyboard */,
				BF7B71BA20236FCC009E5598 /* AppDelegate.swift */,
				BF7B71C120236FCC009E5598 /* Assets.xcassets */,
				BF7B71C320236FCC009E5598 /* LaunchScreen.storyboard */,
				BF7B71C620236FCC009E5598 /* Info.plist */,
				BF526C7B20AA309300F3856B /* GoogleService-Info.plist */,
			);
			path = "Aventus Homepage";
			sourceTree = "<group>";
		};
		BF7B71CE20236FCD009E5598 /* Aventus HomepageTests */ = {
			isa = PBXGroup;
			children = (
				BF7B71CF20236FCD009E5598 /* Aventus_HomepageTests.swift */,
				BF7B71D120236FCD009E5598 /* Info.plist */,
			);
			path = "Aventus HomepageTests";
			sourceTree = "<group>";
		};
/* End PBXGroup section */

/* Begin PBXNativeTarget section */
		A1845B09204B161E0004D983 /* AventusUITests */ = {
			isa = PBXNativeTarget;
			buildConfigurationList = A1845B13204B161E0004D983 /* Build configuration list for PBXNativeTarget "AventusUITests" */;
			buildPhases = (
				A1845B06204B161E0004D983 /* Sources */,
				A1845B07204B161E0004D983 /* Frameworks */,
				A1845B08204B161E0004D983 /* Resources */,
			);
			buildRules = (
			);
			dependencies = (
				A1845B10204B161E0004D983 /* PBXTargetDependency */,
			);
			name = AventusUITests;
			productName = "Aventus HomepageUITests";
			productReference = A1845B0A204B161E0004D983 /* AventusUITests.xctest */;
			productType = "com.apple.product-type.bundle.ui-testing";
		};
		A1AB3165204C529500F5A6A1 /* Aventus Database Tests */ = {
			isa = PBXNativeTarget;
			buildConfigurationList = A1AB316F204C529500F5A6A1 /* Build configuration list for PBXNativeTarget "Aventus Database Tests" */;
			buildPhases = (
				A1AB3162204C529500F5A6A1 /* Sources */,
				A1AB3163204C529500F5A6A1 /* Frameworks */,
				A1AB3164204C529500F5A6A1 /* Resources */,
			);
			buildRules = (
			);
			dependencies = (
				A1AB316C204C529500F5A6A1 /* PBXTargetDependency */,
			);
			name = "Aventus Database Tests";
			productName = "Aventus Database Tests";
			productReference = A1AB3166204C529500F5A6A1 /* Aventus Database Tests.xctest */;
			productType = "com.apple.product-type.bundle.unit-test";
		};
		A1AB3173204C533100F5A6A1 /* Test Databse Fake Data */ = {
			isa = PBXNativeTarget;
			buildConfigurationList = A1AB317B204C533100F5A6A1 /* Build configuration list for PBXNativeTarget "Test Databse Fake Data" */;
			buildPhases = (
				A1AB3170204C533100F5A6A1 /* Sources */,
				A1AB3171204C533100F5A6A1 /* Frameworks */,
				A1AB3172204C533100F5A6A1 /* Resources */,
			);
			buildRules = (
			);
			dependencies = (
				A1AB317A204C533100F5A6A1 /* PBXTargetDependency */,
			);
			name = "Test Databse Fake Data";
			productName = "Test Databse Fake Data";
			productReference = A1AB3174204C533100F5A6A1 /* Test Databse Fake Data.xctest */;
			productType = "com.apple.product-type.bundle.unit-test";
		};
		A1ECFFC4204B109B006DE0C0 /* AventusTests2 */ = {
			isa = PBXNativeTarget;
			buildConfigurationList = A1ECFFCE204B109B006DE0C0 /* Build configuration list for PBXNativeTarget "AventusTests2" */;
			buildPhases = (
				F5C1085A95F51FAA73B07704 /* [CP] Check Pods Manifest.lock */,
				A1ECFFC1204B109B006DE0C0 /* Sources */,
				A1ECFFC2204B109B006DE0C0 /* Frameworks */,
				A1ECFFC3204B109B006DE0C0 /* Resources */,
				F46D46C0C8CB83C2177FF455 /* [CP] Embed Pods Frameworks */,
				AC932AC1BE279B4F5AF08506 /* [CP] Copy Pods Resources */,
			);
			buildRules = (
			);
			dependencies = (
				A1ECFFCB204B109B006DE0C0 /* PBXTargetDependency */,
			);
			name = AventusTests2;
			productName = "Aventus HomepageTests2";
			productReference = A1ECFFC5204B109B006DE0C0 /* AventusTests2.xctest */;
			productType = "com.apple.product-type.bundle.unit-test";
		};
		BF7B71B620236FCC009E5598 /* Aventus */ = {
			isa = PBXNativeTarget;
			buildConfigurationList = BF7B71D420236FCD009E5598 /* Build configuration list for PBXNativeTarget "Aventus" */;
			buildPhases = (
				8C554C0448D9B24507A38AE6 /* [CP] Check Pods Manifest.lock */,
				BF7B71B320236FCC009E5598 /* Sources */,
				BF7B71B420236FCC009E5598 /* Frameworks */,
				BF7B71B520236FCC009E5598 /* Resources */,
				6A2E7D2F82319B9073FB5F68 /* [CP] Embed Pods Frameworks */,
				B2A91743D8F0597A47E5F415 /* [CP] Copy Pods Resources */,
			);
			buildRules = (
			);
			dependencies = (
			);
			name = Aventus;
			productName = "Aventus Homepage";
			productReference = BF7B71B720236FCC009E5598 /* Aventus.app */;
			productType = "com.apple.product-type.application";
		};
		BF7B71CA20236FCD009E5598 /* AventusTests */ = {
			isa = PBXNativeTarget;
			buildConfigurationList = BF7B71D720236FCD009E5598 /* Build configuration list for PBXNativeTarget "AventusTests" */;
			buildPhases = (
				BF7B71C720236FCD009E5598 /* Sources */,
				BF7B71C820236FCD009E5598 /* Frameworks */,
				BF7B71C920236FCD009E5598 /* Resources */,
			);
			buildRules = (
			);
			dependencies = (
				BF7B71CD20236FCD009E5598 /* PBXTargetDependency */,
			);
			name = AventusTests;
			productName = "Aventus HomepageTests";
			productReference = BF7B71CB20236FCD009E5598 /* AventusTests.xctest */;
			productType = "com.apple.product-type.bundle.unit-test";
		};
/* End PBXNativeTarget section */

/* Begin PBXProject section */
		BF7B71AF20236FCC009E5598 /* Project object */ = {
			isa = PBXProject;
			attributes = {
				KnownAssetTags = (
					field,
					text,
				);
				LastSwiftUpdateCheck = 0920;
				LastUpgradeCheck = 0830;
				ORGANIZATIONNAME = "Krongsiriwat, Krantharat";
				TargetAttributes = {
					A1845B09204B161E0004D983 = {
						CreatedOnToolsVersion = 9.2;
						ProvisioningStyle = Automatic;
						TestTargetID = BF7B71B620236FCC009E5598;
					};
					A1AB3165204C529500F5A6A1 = {
						CreatedOnToolsVersion = 9.2;
						ProvisioningStyle = Automatic;
						TestTargetID = BF7B71B620236FCC009E5598;
					};
					A1AB3173204C533100F5A6A1 = {
						CreatedOnToolsVersion = 9.2;
						ProvisioningStyle = Automatic;
						TestTargetID = BF7B71B620236FCC009E5598;
					};
					A1ECFFC4204B109B006DE0C0 = {
						CreatedOnToolsVersion = 9.2;
						LastSwiftMigration = 0920;
						ProvisioningStyle = Automatic;
						TestTargetID = BF7B71B620236FCC009E5598;
					};
					BF7B71B620236FCC009E5598 = {
						CreatedOnToolsVersion = 8.3.2;
						DevelopmentTeam = N2Q967342B;
						ProvisioningStyle = Automatic;
					};
					BF7B71CA20236FCD009E5598 = {
						CreatedOnToolsVersion = 8.3.2;
						ProvisioningStyle = Automatic;
						TestTargetID = BF7B71B620236FCC009E5598;
					};
				};
			};
			buildConfigurationList = BF7B71B220236FCC009E5598 /* Build configuration list for PBXProject "Aventus" */;
			compatibilityVersion = "Xcode 3.2";
			developmentRegion = English;
			hasScannedForEncodings = 0;
			knownRegions = (
				en,
				Base,
			);
			mainGroup = BF7B71AE20236FCC009E5598;
			productRefGroup = BF7B71B820236FCC009E5598 /* Products */;
			projectDirPath = "";
			projectRoot = "";
			targets = (
				BF7B71B620236FCC009E5598 /* Aventus */,
				BF7B71CA20236FCD009E5598 /* AventusTests */,
				A1ECFFC4204B109B006DE0C0 /* AventusTests2 */,
				A1845B09204B161E0004D983 /* AventusUITests */,
				A1AB3165204C529500F5A6A1 /* Aventus Database Tests */,
				A1AB3173204C533100F5A6A1 /* Test Databse Fake Data */,
			);
		};
/* End PBXProject section */

/* Begin PBXResourcesBuildPhase section */
		A1845B08204B161E0004D983 /* Resources */ = {
			isa = PBXResourcesBuildPhase;
			buildActionMask = 2147483647;
			files = (
			);
			runOnlyForDeploymentPostprocessing = 0;
		};
		A1AB3164204C529500F5A6A1 /* Resources */ = {
			isa = PBXResourcesBuildPhase;
			buildActionMask = 2147483647;
			files = (
			);
			runOnlyForDeploymentPostprocessing = 0;
		};
		A1AB3172204C533100F5A6A1 /* Resources */ = {
			isa = PBXResourcesBuildPhase;
			buildActionMask = 2147483647;
			files = (
			);
			runOnlyForDeploymentPostprocessing = 0;
		};
		A1ECFFC3204B109B006DE0C0 /* Resources */ = {
			isa = PBXResourcesBuildPhase;
			buildActionMask = 2147483647;
			files = (
			);
			runOnlyForDeploymentPostprocessing = 0;
		};
		BF7B71B520236FCC009E5598 /* Resources */ = {
			isa = PBXResourcesBuildPhase;
			buildActionMask = 2147483647;
			files = (
				BF7B71C520236FCC009E5598 /* LaunchScreen.storyboard in Resources */,
				BF526C7C20AA309300F3856B /* GoogleService-Info.plist in Resources */,
				BF0A13262076C7CC00B98981 /* Sarabun-Regular.ttf in Resources */,
				BF7B71C220236FCC009E5598 /* Assets.xcassets in Resources */,
				BF0A13232076C7C600B98981 /* EthRomainEthon.ttf in Resources */,
				BF0A13242076C7C800B98981 /* Sarabun-Bold.ttf in Resources */,
				BF7B71C020236FCC009E5598 /* Main.storyboard in Resources */,
				BF0A13252076C7CA00B98981 /* Nexa Light.otf in Resources */,
			);
			runOnlyForDeploymentPostprocessing = 0;
		};
		BF7B71C920236FCD009E5598 /* Resources */ = {
			isa = PBXResourcesBuildPhase;
			buildActionMask = 2147483647;
			files = (
			);
			runOnlyForDeploymentPostprocessing = 0;
		};
/* End PBXResourcesBuildPhase section */

/* Begin PBXShellScriptBuildPhase section */
		6A2E7D2F82319B9073FB5F68 /* [CP] Embed Pods Frameworks */ = {
			isa = PBXShellScriptBuildPhase;
			buildActionMask = 2147483647;
			files = (
			);
			inputPaths = (
				"${SRCROOT}/Pods/Target Support Files/Pods-Aventus Homepage/Pods-Aventus Homepage-frameworks.sh",
				"${BUILT_PRODUCTS_DIR}/Alamofire/Alamofire.framework",
				"${BUILT_PRODUCTS_DIR}/AlamofireImage/AlamofireImage.framework",
				"${BUILT_PRODUCTS_DIR}/BRYXBanner/BRYXBanner.framework",
				"${PODS_ROOT}/CapitoSpeechKit/CapitoSpeechKit.framework",
				"${BUILT_PRODUCTS_DIR}/GoogleToolboxForMac/GoogleToolboxForMac.framework",
				"${BUILT_PRODUCTS_DIR}/ISO8601DateFormatterValueTransformer/ISO8601DateFormatterValueTransformer.framework",
				"${BUILT_PRODUCTS_DIR}/MBProgressHUD/MBProgressHUD.framework",
				"${BUILT_PRODUCTS_DIR}/RKValueTransformers/RKValueTransformers.framework",
				"${BUILT_PRODUCTS_DIR}/RestKit/RestKit.framework",
				"${BUILT_PRODUCTS_DIR}/SOCKit/SOCKit.framework",
				"${BUILT_PRODUCTS_DIR}/TransitionKit/TransitionKit.framework",
				"${BUILT_PRODUCTS_DIR}/leveldb-library/leveldb.framework",
				"${BUILT_PRODUCTS_DIR}/nanopb/nanopb.framework",
			);
			name = "[CP] Embed Pods Frameworks";
			outputPaths = (
				"${TARGET_BUILD_DIR}/${FRAMEWORKS_FOLDER_PATH}/Alamofire.framework",
				"${TARGET_BUILD_DIR}/${FRAMEWORKS_FOLDER_PATH}/AlamofireImage.framework",
				"${TARGET_BUILD_DIR}/${FRAMEWORKS_FOLDER_PATH}/BRYXBanner.framework",
				"${TARGET_BUILD_DIR}/${FRAMEWORKS_FOLDER_PATH}/CapitoSpeechKit.framework",
				"${TARGET_BUILD_DIR}/${FRAMEWORKS_FOLDER_PATH}/GoogleToolboxForMac.framework",
				"${TARGET_BUILD_DIR}/${FRAMEWORKS_FOLDER_PATH}/ISO8601DateFormatterValueTransformer.framework",
				"${TARGET_BUILD_DIR}/${FRAMEWORKS_FOLDER_PATH}/MBProgressHUD.framework",
				"${TARGET_BUILD_DIR}/${FRAMEWORKS_FOLDER_PATH}/RKValueTransformers.framework",
				"${TARGET_BUILD_DIR}/${FRAMEWORKS_FOLDER_PATH}/RestKit.framework",
				"${TARGET_BUILD_DIR}/${FRAMEWORKS_FOLDER_PATH}/SOCKit.framework",
				"${TARGET_BUILD_DIR}/${FRAMEWORKS_FOLDER_PATH}/TransitionKit.framework",
				"${TARGET_BUILD_DIR}/${FRAMEWORKS_FOLDER_PATH}/leveldb.framework",
				"${TARGET_BUILD_DIR}/${FRAMEWORKS_FOLDER_PATH}/nanopb.framework",
			);
			runOnlyForDeploymentPostprocessing = 0;
			shellPath = /bin/sh;
			shellScript = "\"${SRCROOT}/Pods/Target Support Files/Pods-Aventus Homepage/Pods-Aventus Homepage-frameworks.sh\"\n";
			showEnvVarsInLog = 0;
		};
		8C554C0448D9B24507A38AE6 /* [CP] Check Pods Manifest.lock */ = {
			isa = PBXShellScriptBuildPhase;
			buildActionMask = 2147483647;
			files = (
			);
			inputPaths = (
				"${PODS_PODFILE_DIR_PATH}/Podfile.lock",
				"${PODS_ROOT}/Manifest.lock",
			);
			name = "[CP] Check Pods Manifest.lock";
			outputPaths = (
				"$(DERIVED_FILE_DIR)/Pods-Aventus Homepage-checkManifestLockResult.txt",
			);
			runOnlyForDeploymentPostprocessing = 0;
			shellPath = /bin/sh;
			shellScript = "diff \"${PODS_PODFILE_DIR_PATH}/Podfile.lock\" \"${PODS_ROOT}/Manifest.lock\" > /dev/null\nif [ $? != 0 ] ; then\n    # print error to STDERR\n    echo \"error: The sandbox is not in sync with the Podfile.lock. Run 'pod install' or update your CocoaPods installation.\" >&2\n    exit 1\nfi\n# This output is used by Xcode 'outputs' to avoid re-running this script phase.\necho \"SUCCESS\" > \"${SCRIPT_OUTPUT_FILE_0}\"\n";
			showEnvVarsInLog = 0;
		};
		AC932AC1BE279B4F5AF08506 /* [CP] Copy Pods Resources */ = {
			isa = PBXShellScriptBuildPhase;
			buildActionMask = 2147483647;
			files = (
			);
			inputPaths = (
			);
			name = "[CP] Copy Pods Resources";
			outputPaths = (
			);
			runOnlyForDeploymentPostprocessing = 0;
			shellPath = /bin/sh;
			shellScript = "\"${SRCROOT}/Pods/Target Support Files/Pods-Aventus HomepageTests2/Pods-Aventus HomepageTests2-resources.sh\"\n";
			showEnvVarsInLog = 0;
		};
		B2A91743D8F0597A47E5F415 /* [CP] Copy Pods Resources */ = {
			isa = PBXShellScriptBuildPhase;
			buildActionMask = 2147483647;
			files = (
			);
			inputPaths = (
				"${SRCROOT}/Pods/Target Support Files/Pods-Aventus Homepage/Pods-Aventus Homepage-resources.sh",
				"${PODS_CONFIGURATION_BUILD_DIR}/CapitoSpeechKit/CapitoSpeechKit.bundle",
			);
			name = "[CP] Copy Pods Resources";
			outputPaths = (
				"${TARGET_BUILD_DIR}/${UNLOCALIZED_RESOURCES_FOLDER_PATH}/CapitoSpeechKit.bundle",
			);
			runOnlyForDeploymentPostprocessing = 0;
			shellPath = /bin/sh;
			shellScript = "\"${SRCROOT}/Pods/Target Support Files/Pods-Aventus Homepage/Pods-Aventus Homepage-resources.sh\"\n";
			showEnvVarsInLog = 0;
		};
		F46D46C0C8CB83C2177FF455 /* [CP] Embed Pods Frameworks */ = {
			isa = PBXShellScriptBuildPhase;
			buildActionMask = 2147483647;
			files = (
			);
			inputPaths = (
				"${SRCROOT}/Pods/Target Support Files/Pods-Aventus HomepageTests2/Pods-Aventus HomepageTests2-frameworks.sh",
				"${BUILT_PRODUCTS_DIR}/GoogleToolboxForMac/GoogleToolboxForMac.framework",
				"${BUILT_PRODUCTS_DIR}/nanopb/nanopb.framework",
			);
			name = "[CP] Embed Pods Frameworks";
			outputPaths = (
				"${TARGET_BUILD_DIR}/${FRAMEWORKS_FOLDER_PATH}/GoogleToolboxForMac.framework",
				"${TARGET_BUILD_DIR}/${FRAMEWORKS_FOLDER_PATH}/nanopb.framework",
			);
			runOnlyForDeploymentPostprocessing = 0;
			shellPath = /bin/sh;
			shellScript = "\"${SRCROOT}/Pods/Target Support Files/Pods-Aventus HomepageTests2/Pods-Aventus HomepageTests2-frameworks.sh\"\n";
			showEnvVarsInLog = 0;
		};
		F5C1085A95F51FAA73B07704 /* [CP] Check Pods Manifest.lock */ = {
			isa = PBXShellScriptBuildPhase;
			buildActionMask = 2147483647;
			files = (
			);
			inputPaths = (
				"${PODS_PODFILE_DIR_PATH}/Podfile.lock",
				"${PODS_ROOT}/Manifest.lock",
			);
			name = "[CP] Check Pods Manifest.lock";
			outputPaths = (
				"$(DERIVED_FILE_DIR)/Pods-Aventus HomepageTests2-checkManifestLockResult.txt",
			);
			runOnlyForDeploymentPostprocessing = 0;
			shellPath = /bin/sh;
			shellScript = "diff \"${PODS_PODFILE_DIR_PATH}/Podfile.lock\" \"${PODS_ROOT}/Manifest.lock\" > /dev/null\nif [ $? != 0 ] ; then\n    # print error to STDERR\n    echo \"error: The sandbox is not in sync with the Podfile.lock. Run 'pod install' or update your CocoaPods installation.\" >&2\n    exit 1\nfi\n# This output is used by Xcode 'outputs' to avoid re-running this script phase.\necho \"SUCCESS\" > \"${SCRIPT_OUTPUT_FILE_0}\"\n";
			showEnvVarsInLog = 0;
		};
/* End PBXShellScriptBuildPhase section */

/* Begin PBXSourcesBuildPhase section */
		A1845B06204B161E0004D983 /* Sources */ = {
			isa = PBXSourcesBuildPhase;
			buildActionMask = 2147483647;
			files = (
				A1845B0D204B161E0004D983 /* Aventus_HomepageUITests.swift in Sources */,
			);
			runOnlyForDeploymentPostprocessing = 0;
		};
		A1AB3162204C529500F5A6A1 /* Sources */ = {
			isa = PBXSourcesBuildPhase;
			buildActionMask = 2147483647;
			files = (
				A1AB3169204C529500F5A6A1 /* Aventus_Database_Tests.swift in Sources */,
			);
			runOnlyForDeploymentPostprocessing = 0;
		};
		A1AB3170204C533100F5A6A1 /* Sources */ = {
			isa = PBXSourcesBuildPhase;
			buildActionMask = 2147483647;
			files = (
				A1AB3177204C533100F5A6A1 /* Test_Databse_Fake_Data.swift in Sources */,
			);
			runOnlyForDeploymentPostprocessing = 0;
		};
		A1ECFFC1204B109B006DE0C0 /* Sources */ = {
			isa = PBXSourcesBuildPhase;
			buildActionMask = 2147483647;
			files = (
				A18FF15F204C607300DE4692 /* UnitTests.swift in Sources */,
			);
			runOnlyForDeploymentPostprocessing = 0;
		};
		BF7B71B320236FCC009E5598 /* Sources */ = {
			isa = PBXSourcesBuildPhase;
			buildActionMask = 2147483647;
			files = (
				BF933145204471160002A3C8 /* RoundButton.swift in Sources */,
				BF51ED5520433BBD003D0219 /* UtterLabel.swift in Sources */,
				BF8588252030B729005C9D7D /* PaymentViewController.swift in Sources */,
				BFE01B1F2077C1C0002BA3E2 /* SummaryTableViewCell.swift in Sources */,
				BFA98FD320A763C400553773 /* ExpandableHeaderView.swift in Sources */,
				BFBD7FA620A628E2000BA93B /* AVTBaseViewController.swift in Sources */,
				BF5946972038743A00A0A493 /* Payment.swift in Sources */,
				2F00AC63207D17E300B0F967 /* SearchTextField.swift in Sources */,
				BFD17E19202CD729008CB952 /* EventViewController.swift in Sources */,
				BF7B71BB20236FCC009E5598 /* AppDelegate.swift in Sources */,
				BFA98FD520A7642D00553773 /* TicketViewController.swift in Sources */,
				BFBAF60D2035C3E200050B8A /* Seating.swift in Sources */,
				BF93314720448ABB0002A3C8 /* DetailTextField.swift in Sources */,
				BFA6C53D20757EE000AD0601 /* HelpViewController.swift in Sources */,
				457E32D520659C7E00B7224B /* WarningLabel.swift in Sources */,
				BF59469D2038E25900A0A493 /* SeatPopUpViewController.swift in Sources */,
				457E32D620659C7E00B7224B /* PageViewController.swift in Sources */,
				BF40F12F2030971400E280BB /* SeatViewController.swift in Sources */,
				BB8D22F920A86ACE00CB8C45 /* HomeViewController.swift in Sources */,
				BF51ED4F20432787003D0219 /* ColorHelper.swift in Sources */,
				BF83B2C62075109C00EA2405 /* EventCollectionViewCell.swift in Sources */,
				2F8E5A8C2083AB2E0023231F /* HandlingContext.swift in Sources */,
				BF87431B20A4D3DC00253304 /* PageHelper.swift in Sources */,
				BF1607022044A36B00241A2D /* HeaderLabel.swift in Sources */,
				BFA98FD120A7611400553773 /* Helper.swift in Sources */,
				BFA98FDB20A779C500553773 /* Booking.swift in Sources */,
				BFBAF60B2035C36500050B8A /* ConfirmationViewController.swift in Sources */,
				BF76AE3020264CD5006274FE /* Event.swift in Sources */,
			);
			runOnlyForDeploymentPostprocessing = 0;
		};
		BF7B71C720236FCD009E5598 /* Sources */ = {
			isa = PBXSourcesBuildPhase;
			buildActionMask = 2147483647;
			files = (
				BF7B71D020236FCD009E5598 /* Aventus_HomepageTests.swift in Sources */,
			);
			runOnlyForDeploymentPostprocessing = 0;
		};
/* End PBXSourcesBuildPhase section */

/* Begin PBXTargetDependency section */
		A1845B10204B161E0004D983 /* PBXTargetDependency */ = {
			isa = PBXTargetDependency;
			target = BF7B71B620236FCC009E5598 /* Aventus */;
			targetProxy = A1845B0F204B161E0004D983 /* PBXContainerItemProxy */;
		};
		A1AB316C204C529500F5A6A1 /* PBXTargetDependency */ = {
			isa = PBXTargetDependency;
			target = BF7B71B620236FCC009E5598 /* Aventus */;
			targetProxy = A1AB316B204C529500F5A6A1 /* PBXContainerItemProxy */;
		};
		A1AB317A204C533100F5A6A1 /* PBXTargetDependency */ = {
			isa = PBXTargetDependency;
			target = BF7B71B620236FCC009E5598 /* Aventus */;
			targetProxy = A1AB3179204C533100F5A6A1 /* PBXContainerItemProxy */;
		};
		A1ECFFCB204B109B006DE0C0 /* PBXTargetDependency */ = {
			isa = PBXTargetDependency;
			target = BF7B71B620236FCC009E5598 /* Aventus */;
			targetProxy = A1ECFFCA204B109B006DE0C0 /* PBXContainerItemProxy */;
		};
		BF7B71CD20236FCD009E5598 /* PBXTargetDependency */ = {
			isa = PBXTargetDependency;
			target = BF7B71B620236FCC009E5598 /* Aventus */;
			targetProxy = BF7B71CC20236FCD009E5598 /* PBXContainerItemProxy */;
		};
/* End PBXTargetDependency section */

/* Begin PBXVariantGroup section */
		BF7B71BE20236FCC009E5598 /* Main.storyboard */ = {
			isa = PBXVariantGroup;
			children = (
				BF7B71BF20236FCC009E5598 /* Base */,
			);
			name = Main.storyboard;
			sourceTree = "<group>";
		};
		BF7B71C320236FCC009E5598 /* LaunchScreen.storyboard */ = {
			isa = PBXVariantGroup;
			children = (
				BF7B71C420236FCC009E5598 /* Base */,
			);
			name = LaunchScreen.storyboard;
			sourceTree = "<group>";
		};
/* End PBXVariantGroup section */

/* Begin XCBuildConfiguration section */
		A1845B11204B161E0004D983 /* Debug */ = {
			isa = XCBuildConfiguration;
			buildSettings = {
				CLANG_CXX_LANGUAGE_STANDARD = "gnu++14";
				CLANG_WARN_BLOCK_CAPTURE_AUTORELEASING = YES;
				CLANG_WARN_COMMA = YES;
				CLANG_WARN_NON_LITERAL_NULL_CONVERSION = YES;
				CLANG_WARN_OBJC_LITERAL_CONVERSION = YES;
				CLANG_WARN_RANGE_LOOP_ANALYSIS = YES;
				CLANG_WARN_STRICT_PROTOTYPES = YES;
				CLANG_WARN_UNGUARDED_AVAILABILITY = YES_AGGRESSIVE;
				CODE_SIGN_IDENTITY = "iPhone Developer";
				CODE_SIGN_STYLE = Automatic;
				GCC_C_LANGUAGE_STANDARD = gnu11;
				INFOPLIST_FILE = "Aventus HomepageUITests/Info.plist";
				IPHONEOS_DEPLOYMENT_TARGET = 11.2;
				LD_RUNPATH_SEARCH_PATHS = "$(inherited) @executable_path/Frameworks @loader_path/Frameworks";
				PRODUCT_BUNDLE_IDENTIFIER = "wt814.Aventus-HomepageUITests";
				PRODUCT_NAME = "$(TARGET_NAME)";
				SWIFT_VERSION = 4.0;
				TARGETED_DEVICE_FAMILY = "1,2";
				TEST_TARGET_NAME = "Aventus Homepage";
			};
			name = Debug;
		};
		A1845B12204B161E0004D983 /* Release */ = {
			isa = XCBuildConfiguration;
			buildSettings = {
				CLANG_CXX_LANGUAGE_STANDARD = "gnu++14";
				CLANG_WARN_BLOCK_CAPTURE_AUTORELEASING = YES;
				CLANG_WARN_COMMA = YES;
				CLANG_WARN_NON_LITERAL_NULL_CONVERSION = YES;
				CLANG_WARN_OBJC_LITERAL_CONVERSION = YES;
				CLANG_WARN_RANGE_LOOP_ANALYSIS = YES;
				CLANG_WARN_STRICT_PROTOTYPES = YES;
				CLANG_WARN_UNGUARDED_AVAILABILITY = YES_AGGRESSIVE;
				CODE_SIGN_IDENTITY = "iPhone Developer";
				CODE_SIGN_STYLE = Automatic;
				GCC_C_LANGUAGE_STANDARD = gnu11;
				INFOPLIST_FILE = "Aventus HomepageUITests/Info.plist";
				IPHONEOS_DEPLOYMENT_TARGET = 11.2;
				LD_RUNPATH_SEARCH_PATHS = "$(inherited) @executable_path/Frameworks @loader_path/Frameworks";
				PRODUCT_BUNDLE_IDENTIFIER = "wt814.Aventus-HomepageUITests";
				PRODUCT_NAME = "$(TARGET_NAME)";
				SWIFT_VERSION = 4.0;
				TARGETED_DEVICE_FAMILY = "1,2";
				TEST_TARGET_NAME = "Aventus Homepage";
			};
			name = Release;
		};
		A1AB316D204C529500F5A6A1 /* Debug */ = {
			isa = XCBuildConfiguration;
			buildSettings = {
				BUNDLE_LOADER = "$(TEST_HOST)";
				CLANG_CXX_LANGUAGE_STANDARD = "gnu++14";
				CLANG_WARN_BLOCK_CAPTURE_AUTORELEASING = YES;
				CLANG_WARN_COMMA = YES;
				CLANG_WARN_NON_LITERAL_NULL_CONVERSION = YES;
				CLANG_WARN_OBJC_LITERAL_CONVERSION = YES;
				CLANG_WARN_RANGE_LOOP_ANALYSIS = YES;
				CLANG_WARN_STRICT_PROTOTYPES = YES;
				CLANG_WARN_UNGUARDED_AVAILABILITY = YES_AGGRESSIVE;
				CODE_SIGN_IDENTITY = "iPhone Developer";
				CODE_SIGN_STYLE = Automatic;
				GCC_C_LANGUAGE_STANDARD = gnu11;
				INFOPLIST_FILE = "Aventus Database Tests/Info.plist";
				IPHONEOS_DEPLOYMENT_TARGET = 11.2;
				LD_RUNPATH_SEARCH_PATHS = "$(inherited) @executable_path/Frameworks @loader_path/Frameworks";
				PRODUCT_BUNDLE_IDENTIFIER = "wt814.Aventus-Database-Tests";
				PRODUCT_NAME = "$(TARGET_NAME)";
				SWIFT_VERSION = 4.0;
				TARGETED_DEVICE_FAMILY = "1,2";
				TEST_HOST = "$(BUILT_PRODUCTS_DIR)/Aventus.app/Aventus";
			};
			name = Debug;
		};
		A1AB316E204C529500F5A6A1 /* Release */ = {
			isa = XCBuildConfiguration;
			buildSettings = {
				BUNDLE_LOADER = "$(TEST_HOST)";
				CLANG_CXX_LANGUAGE_STANDARD = "gnu++14";
				CLANG_WARN_BLOCK_CAPTURE_AUTORELEASING = YES;
				CLANG_WARN_COMMA = YES;
				CLANG_WARN_NON_LITERAL_NULL_CONVERSION = YES;
				CLANG_WARN_OBJC_LITERAL_CONVERSION = YES;
				CLANG_WARN_RANGE_LOOP_ANALYSIS = YES;
				CLANG_WARN_STRICT_PROTOTYPES = YES;
				CLANG_WARN_UNGUARDED_AVAILABILITY = YES_AGGRESSIVE;
				CODE_SIGN_IDENTITY = "iPhone Developer";
				CODE_SIGN_STYLE = Automatic;
				GCC_C_LANGUAGE_STANDARD = gnu11;
				INFOPLIST_FILE = "Aventus Database Tests/Info.plist";
				IPHONEOS_DEPLOYMENT_TARGET = 11.2;
				LD_RUNPATH_SEARCH_PATHS = "$(inherited) @executable_path/Frameworks @loader_path/Frameworks";
				PRODUCT_BUNDLE_IDENTIFIER = "wt814.Aventus-Database-Tests";
				PRODUCT_NAME = "$(TARGET_NAME)";
				SWIFT_VERSION = 4.0;
				TARGETED_DEVICE_FAMILY = "1,2";
				TEST_HOST = "$(BUILT_PRODUCTS_DIR)/Aventus.app/Aventus";
			};
			name = Release;
		};
		A1AB317C204C533100F5A6A1 /* Debug */ = {
			isa = XCBuildConfiguration;
			buildSettings = {
				BUNDLE_LOADER = "$(TEST_HOST)";
				CLANG_CXX_LANGUAGE_STANDARD = "gnu++14";
				CLANG_WARN_BLOCK_CAPTURE_AUTORELEASING = YES;
				CLANG_WARN_COMMA = YES;
				CLANG_WARN_NON_LITERAL_NULL_CONVERSION = YES;
				CLANG_WARN_OBJC_LITERAL_CONVERSION = YES;
				CLANG_WARN_RANGE_LOOP_ANALYSIS = YES;
				CLANG_WARN_STRICT_PROTOTYPES = YES;
				CLANG_WARN_UNGUARDED_AVAILABILITY = YES_AGGRESSIVE;
				CODE_SIGN_IDENTITY = "iPhone Developer";
				CODE_SIGN_STYLE = Automatic;
				GCC_C_LANGUAGE_STANDARD = gnu11;
				INFOPLIST_FILE = "Test Databse Fake Data/Info.plist";
				IPHONEOS_DEPLOYMENT_TARGET = 11.2;
				LD_RUNPATH_SEARCH_PATHS = "$(inherited) @executable_path/Frameworks @loader_path/Frameworks";
				PRODUCT_BUNDLE_IDENTIFIER = "wt814.Test-Databse-Fake-Data";
				PRODUCT_NAME = "$(TARGET_NAME)";
				SWIFT_VERSION = 4.0;
				TARGETED_DEVICE_FAMILY = "1,2";
				TEST_HOST = "$(BUILT_PRODUCTS_DIR)/Aventus.app/Aventus";
			};
			name = Debug;
		};
		A1AB317D204C533100F5A6A1 /* Release */ = {
			isa = XCBuildConfiguration;
			buildSettings = {
				BUNDLE_LOADER = "$(TEST_HOST)";
				CLANG_CXX_LANGUAGE_STANDARD = "gnu++14";
				CLANG_WARN_BLOCK_CAPTURE_AUTORELEASING = YES;
				CLANG_WARN_COMMA = YES;
				CLANG_WARN_NON_LITERAL_NULL_CONVERSION = YES;
				CLANG_WARN_OBJC_LITERAL_CONVERSION = YES;
				CLANG_WARN_RANGE_LOOP_ANALYSIS = YES;
				CLANG_WARN_STRICT_PROTOTYPES = YES;
				CLANG_WARN_UNGUARDED_AVAILABILITY = YES_AGGRESSIVE;
				CODE_SIGN_IDENTITY = "iPhone Developer";
				CODE_SIGN_STYLE = Automatic;
				GCC_C_LANGUAGE_STANDARD = gnu11;
				INFOPLIST_FILE = "Test Databse Fake Data/Info.plist";
				IPHONEOS_DEPLOYMENT_TARGET = 11.2;
				LD_RUNPATH_SEARCH_PATHS = "$(inherited) @executable_path/Frameworks @loader_path/Frameworks";
				PRODUCT_BUNDLE_IDENTIFIER = "wt814.Test-Databse-Fake-Data";
				PRODUCT_NAME = "$(TARGET_NAME)";
				SWIFT_VERSION = 4.0;
				TARGETED_DEVICE_FAMILY = "1,2";
				TEST_HOST = "$(BUILT_PRODUCTS_DIR)/Aventus.app/Aventus";
			};
			name = Release;
		};
		A1ECFFCC204B109B006DE0C0 /* Debug */ = {
			isa = XCBuildConfiguration;
			baseConfigurationReference = 60DF77654971427BC6104ACA /* Pods-Aventus HomepageTests2.debug.xcconfig */;
			buildSettings = {
				BUNDLE_LOADER = "$(TEST_HOST)";
				CLANG_CXX_LANGUAGE_STANDARD = "gnu++14";
				CLANG_ENABLE_MODULES = YES;
				CLANG_WARN_BLOCK_CAPTURE_AUTORELEASING = YES;
				CLANG_WARN_COMMA = YES;
				CLANG_WARN_NON_LITERAL_NULL_CONVERSION = YES;
				CLANG_WARN_OBJC_LITERAL_CONVERSION = YES;
				CLANG_WARN_RANGE_LOOP_ANALYSIS = YES;
				CLANG_WARN_STRICT_PROTOTYPES = YES;
				CLANG_WARN_UNGUARDED_AVAILABILITY = YES_AGGRESSIVE;
				CODE_SIGN_IDENTITY = "iPhone Developer";
				CODE_SIGN_STYLE = Automatic;
				GCC_C_LANGUAGE_STANDARD = gnu11;
				"HEADER_SEARCH_PATHS[arch=*]" = (
					"$(PODS_ROOT)/Firebase/Core/Sources",
					"(non-recursive)",
				);
				INFOPLIST_FILE = "Aventus HomepageTests2/Info.plist";
				IPHONEOS_DEPLOYMENT_TARGET = 11.2;
				LD_RUNPATH_SEARCH_PATHS = "$(inherited) @executable_path/Frameworks @loader_path/Frameworks";
				PRODUCT_BUNDLE_IDENTIFIER = "wt814.Aventus-HomepageTests2";
				PRODUCT_NAME = "$(TARGET_NAME)";
				SWIFT_OBJC_BRIDGING_HEADER = "Aventus HomepageTests2/Aventus HomepageTests2-Bridging-Header.h";
				SWIFT_OPTIMIZATION_LEVEL = "-Onone";
				SWIFT_VERSION = 4.0;
				TARGETED_DEVICE_FAMILY = "1,2";
				TEST_HOST = "$(BUILT_PRODUCTS_DIR)/Aventus.app/Aventus";
			};
			name = Debug;
		};
		A1ECFFCD204B109B006DE0C0 /* Release */ = {
			isa = XCBuildConfiguration;
			baseConfigurationReference = E2606FF670C7DF7CDCD8D7C4 /* Pods-Aventus HomepageTests2.release.xcconfig */;
			buildSettings = {
				BUNDLE_LOADER = "$(TEST_HOST)";
				CLANG_CXX_LANGUAGE_STANDARD = "gnu++14";
				CLANG_ENABLE_MODULES = YES;
				CLANG_WARN_BLOCK_CAPTURE_AUTORELEASING = YES;
				CLANG_WARN_COMMA = YES;
				CLANG_WARN_NON_LITERAL_NULL_CONVERSION = YES;
				CLANG_WARN_OBJC_LITERAL_CONVERSION = YES;
				CLANG_WARN_RANGE_LOOP_ANALYSIS = YES;
				CLANG_WARN_STRICT_PROTOTYPES = YES;
				CLANG_WARN_UNGUARDED_AVAILABILITY = YES_AGGRESSIVE;
				CODE_SIGN_IDENTITY = "iPhone Developer";
				CODE_SIGN_STYLE = Automatic;
				GCC_C_LANGUAGE_STANDARD = gnu11;
				INFOPLIST_FILE = "Aventus HomepageTests2/Info.plist";
				IPHONEOS_DEPLOYMENT_TARGET = 11.2;
				LD_RUNPATH_SEARCH_PATHS = "$(inherited) @executable_path/Frameworks @loader_path/Frameworks";
				PRODUCT_BUNDLE_IDENTIFIER = "wt814.Aventus-HomepageTests2";
				PRODUCT_NAME = "$(TARGET_NAME)";
				SWIFT_OBJC_BRIDGING_HEADER = "Aventus HomepageTests2/Aventus HomepageTests2-Bridging-Header.h";
				SWIFT_VERSION = 4.0;
				TARGETED_DEVICE_FAMILY = "1,2";
				TEST_HOST = "$(BUILT_PRODUCTS_DIR)/Aventus.app/Aventus";
			};
			name = Release;
		};
		BF7B71D220236FCD009E5598 /* Debug */ = {
			isa = XCBuildConfiguration;
			buildSettings = {
				ALWAYS_SEARCH_USER_PATHS = NO;
				CLANG_ANALYZER_NONNULL = YES;
				CLANG_ANALYZER_NUMBER_OBJECT_CONVERSION = YES_AGGRESSIVE;
				CLANG_CXX_LANGUAGE_STANDARD = "gnu++0x";
				CLANG_CXX_LIBRARY = "libc++";
				CLANG_ENABLE_MODULES = YES;
				CLANG_ENABLE_OBJC_ARC = YES;
				CLANG_WARN_BOOL_CONVERSION = YES;
				CLANG_WARN_CONSTANT_CONVERSION = YES;
				CLANG_WARN_DIRECT_OBJC_ISA_USAGE = YES_ERROR;
				CLANG_WARN_DOCUMENTATION_COMMENTS = YES;
				CLANG_WARN_EMPTY_BODY = YES;
				CLANG_WARN_ENUM_CONVERSION = YES;
				CLANG_WARN_INFINITE_RECURSION = YES;
				CLANG_WARN_INT_CONVERSION = YES;
				CLANG_WARN_OBJC_ROOT_CLASS = YES_ERROR;
				CLANG_WARN_SUSPICIOUS_MOVE = YES;
				CLANG_WARN_UNREACHABLE_CODE = YES;
				CLANG_WARN__DUPLICATE_METHOD_MATCH = YES;
				"CODE_SIGN_IDENTITY[sdk=iphoneos*]" = "iPhone Developer";
				COPY_PHASE_STRIP = NO;
				DEBUG_INFORMATION_FORMAT = dwarf;
				ENABLE_STRICT_OBJC_MSGSEND = YES;
				ENABLE_TESTABILITY = YES;
				GCC_C_LANGUAGE_STANDARD = gnu99;
				GCC_DYNAMIC_NO_PIC = NO;
				GCC_NO_COMMON_BLOCKS = YES;
				GCC_OPTIMIZATION_LEVEL = 0;
				GCC_PREPROCESSOR_DEFINITIONS = (
					"DEBUG=1",
					"$(inherited)",
				);
				GCC_WARN_64_TO_32_BIT_CONVERSION = YES;
				GCC_WARN_ABOUT_RETURN_TYPE = YES_ERROR;
				GCC_WARN_UNDECLARED_SELECTOR = YES;
				GCC_WARN_UNINITIALIZED_AUTOS = YES_AGGRESSIVE;
				GCC_WARN_UNUSED_FUNCTION = YES;
				GCC_WARN_UNUSED_VARIABLE = YES;
				IPHONEOS_DEPLOYMENT_TARGET = 10.3;
				MTL_ENABLE_DEBUG_INFO = YES;
				ONLY_ACTIVE_ARCH = YES;
				SDKROOT = iphoneos;
				SWIFT_ACTIVE_COMPILATION_CONDITIONS = DEBUG;
				SWIFT_OPTIMIZATION_LEVEL = "-Onone";
				TARGETED_DEVICE_FAMILY = "1,2";
			};
			name = Debug;
		};
		BF7B71D320236FCD009E5598 /* Release */ = {
			isa = XCBuildConfiguration;
			buildSettings = {
				ALWAYS_SEARCH_USER_PATHS = NO;
				CLANG_ANALYZER_NONNULL = YES;
				CLANG_ANALYZER_NUMBER_OBJECT_CONVERSION = YES_AGGRESSIVE;
				CLANG_CXX_LANGUAGE_STANDARD = "gnu++0x";
				CLANG_CXX_LIBRARY = "libc++";
				CLANG_ENABLE_MODULES = YES;
				CLANG_ENABLE_OBJC_ARC = YES;
				CLANG_WARN_BOOL_CONVERSION = YES;
				CLANG_WARN_CONSTANT_CONVERSION = YES;
				CLANG_WARN_DIRECT_OBJC_ISA_USAGE = YES_ERROR;
				CLANG_WARN_DOCUMENTATION_COMMENTS = YES;
				CLANG_WARN_EMPTY_BODY = YES;
				CLANG_WARN_ENUM_CONVERSION = YES;
				CLANG_WARN_INFINITE_RECURSION = YES;
				CLANG_WARN_INT_CONVERSION = YES;
				CLANG_WARN_OBJC_ROOT_CLASS = YES_ERROR;
				CLANG_WARN_SUSPICIOUS_MOVE = YES;
				CLANG_WARN_UNREACHABLE_CODE = YES;
				CLANG_WARN__DUPLICATE_METHOD_MATCH = YES;
				"CODE_SIGN_IDENTITY[sdk=iphoneos*]" = "iPhone Developer";
				COPY_PHASE_STRIP = NO;
				DEBUG_INFORMATION_FORMAT = "dwarf-with-dsym";
				ENABLE_NS_ASSERTIONS = NO;
				ENABLE_STRICT_OBJC_MSGSEND = YES;
				GCC_C_LANGUAGE_STANDARD = gnu99;
				GCC_NO_COMMON_BLOCKS = YES;
				GCC_WARN_64_TO_32_BIT_CONVERSION = YES;
				GCC_WARN_ABOUT_RETURN_TYPE = YES_ERROR;
				GCC_WARN_UNDECLARED_SELECTOR = YES;
				GCC_WARN_UNINITIALIZED_AUTOS = YES_AGGRESSIVE;
				GCC_WARN_UNUSED_FUNCTION = YES;
				GCC_WARN_UNUSED_VARIABLE = YES;
				IPHONEOS_DEPLOYMENT_TARGET = 10.3;
				MTL_ENABLE_DEBUG_INFO = NO;
				SDKROOT = iphoneos;
				SWIFT_OPTIMIZATION_LEVEL = "-Owholemodule";
				TARGETED_DEVICE_FAMILY = "1,2";
				VALIDATE_PRODUCT = YES;
			};
			name = Release;
		};
		BF7B71D520236FCD009E5598 /* Debug */ = {
			isa = XCBuildConfiguration;
			baseConfigurationReference = DFF61EBBE04522FA8C689EA8 /* Pods-Aventus Homepage.debug.xcconfig */;
			buildSettings = {
				ASSETCATALOG_COMPILER_APPICON_NAME = AppIcon;
				DEVELOPMENT_TEAM = N2Q967342B;
				ENABLE_BITCODE = NO;
				INFOPLIST_FILE = "Aventus Homepage/Info.plist";
				LD_RUNPATH_SEARCH_PATHS = "$(inherited) @executable_path/Frameworks";
				ONLY_ACTIVE_ARCH = YES;
				PRODUCT_BUNDLE_IDENTIFIER = com.Aventus;
				PRODUCT_NAME = "$(TARGET_NAME)";
				SWIFT_VERSION = 3.0;
			};
			name = Debug;
		};
		BF7B71D620236FCD009E5598 /* Release */ = {
			isa = XCBuildConfiguration;
			baseConfigurationReference = 15973FF8ED2F30FB0506552E /* Pods-Aventus Homepage.release.xcconfig */;
			buildSettings = {
				ASSETCATALOG_COMPILER_APPICON_NAME = AppIcon;
				DEVELOPMENT_TEAM = N2Q967342B;
				ENABLE_BITCODE = NO;
				INFOPLIST_FILE = "Aventus Homepage/Info.plist";
				LD_RUNPATH_SEARCH_PATHS = "$(inherited) @executable_path/Frameworks";
				ONLY_ACTIVE_ARCH = YES;
				PRODUCT_BUNDLE_IDENTIFIER = com.Aventus;
				PRODUCT_NAME = "$(TARGET_NAME)";
				SWIFT_VERSION = 3.0;
			};
			name = Release;
		};
		BF7B71D820236FCD009E5598 /* Debug */ = {
			isa = XCBuildConfiguration;
			buildSettings = {
				ALWAYS_EMBED_SWIFT_STANDARD_LIBRARIES = YES;
				BUNDLE_LOADER = "$(TEST_HOST)";
				INFOPLIST_FILE = "Aventus HomepageTests/Info.plist";
				LD_RUNPATH_SEARCH_PATHS = "$(inherited) @executable_path/Frameworks @loader_path/Frameworks";
				PRODUCT_BUNDLE_IDENTIFIER = "com.example.Aventus-HomepageTests";
				PRODUCT_NAME = "$(TARGET_NAME)";
				SWIFT_VERSION = 3.0;
				TEST_HOST = "$(BUILT_PRODUCTS_DIR)/Aventus.app/Aventus";
			};
			name = Debug;
		};
		BF7B71D920236FCD009E5598 /* Release */ = {
			isa = XCBuildConfiguration;
			buildSettings = {
				ALWAYS_EMBED_SWIFT_STANDARD_LIBRARIES = YES;
				BUNDLE_LOADER = "$(TEST_HOST)";
				INFOPLIST_FILE = "Aventus HomepageTests/Info.plist";
				LD_RUNPATH_SEARCH_PATHS = "$(inherited) @executable_path/Frameworks @loader_path/Frameworks";
				PRODUCT_BUNDLE_IDENTIFIER = "com.example.Aventus-HomepageTests";
				PRODUCT_NAME = "$(TARGET_NAME)";
				SWIFT_VERSION = 3.0;
				TEST_HOST = "$(BUILT_PRODUCTS_DIR)/Aventus.app/Aventus";
			};
			name = Release;
		};
/* End XCBuildConfiguration section */

/* Begin XCConfigurationList section */
		A1845B13204B161E0004D983 /* Build configuration list for PBXNativeTarget "AventusUITests" */ = {
			isa = XCConfigurationList;
			buildConfigurations = (
				A1845B11204B161E0004D983 /* Debug */,
				A1845B12204B161E0004D983 /* Release */,
			);
			defaultConfigurationIsVisible = 0;
			defaultConfigurationName = Release;
		};
		A1AB316F204C529500F5A6A1 /* Build configuration list for PBXNativeTarget "Aventus Database Tests" */ = {
			isa = XCConfigurationList;
			buildConfigurations = (
				A1AB316D204C529500F5A6A1 /* Debug */,
				A1AB316E204C529500F5A6A1 /* Release */,
			);
			defaultConfigurationIsVisible = 0;
			defaultConfigurationName = Release;
		};
		A1AB317B204C533100F5A6A1 /* Build configuration list for PBXNativeTarget "Test Databse Fake Data" */ = {
			isa = XCConfigurationList;
			buildConfigurations = (
				A1AB317C204C533100F5A6A1 /* Debug */,
				A1AB317D204C533100F5A6A1 /* Release */,
			);
			defaultConfigurationIsVisible = 0;
			defaultConfigurationName = Release;
		};
		A1ECFFCE204B109B006DE0C0 /* Build configuration list for PBXNativeTarget "AventusTests2" */ = {
			isa = XCConfigurationList;
			buildConfigurations = (
				A1ECFFCC204B109B006DE0C0 /* Debug */,
				A1ECFFCD204B109B006DE0C0 /* Release */,
			);
			defaultConfigurationIsVisible = 0;
			defaultConfigurationName = Release;
		};
		BF7B71B220236FCC009E5598 /* Build configuration list for PBXProject "Aventus" */ = {
			isa = XCConfigurationList;
			buildConfigurations = (
				BF7B71D220236FCD009E5598 /* Debug */,
				BF7B71D320236FCD009E5598 /* Release */,
			);
			defaultConfigurationIsVisible = 0;
			defaultConfigurationName = Release;
		};
		BF7B71D420236FCD009E5598 /* Build configuration list for PBXNativeTarget "Aventus" */ = {
			isa = XCConfigurationList;
			buildConfigurations = (
				BF7B71D520236FCD009E5598 /* Debug */,
				BF7B71D620236FCD009E5598 /* Release */,
			);
			defaultConfigurationIsVisible = 0;
			defaultConfigurationName = Release;
		};
		BF7B71D720236FCD009E5598 /* Build configuration list for PBXNativeTarget "AventusTests" */ = {
			isa = XCConfigurationList;
			buildConfigurations = (
				BF7B71D820236FCD009E5598 /* Debug */,
				BF7B71D920236FCD009E5598 /* Release */,
			);
			defaultConfigurationIsVisible = 0;
			defaultConfigurationName = Release;
		};
/* End XCConfigurationList section */
	};
	rootObject = BF7B71AF20236FCC009E5598 /* Project object */;
}
